// !$*UTF8*$!
{
	archiveVersion = 1;
	classes = {
	};
	objectVersion = 51;
	objects = {

/* Begin PBXBuildFile section */
		13969045D572850930F26DE1 /* Pods_UnitTestStudy.framework in Frameworks */ = {isa = PBXBuildFile; fileRef = 77BFFAB168662CD0C9D719F6 /* Pods_UnitTestStudy.framework */; };
		1D6372852629F70500E26668 /* StudyInteractorTests.swift in Sources */ = {isa = PBXBuildFile; fileRef = 1D6372842629F70500E26668 /* StudyInteractorTests.swift */; };
		1D63728D2629F71400E26668 /* StudyPresenterTests.swift in Sources */ = {isa = PBXBuildFile; fileRef = 1D63728C2629F71400E26668 /* StudyPresenterTests.swift */; };
		1D6372922629F72700E26668 /* StudyCoordinatorTests.swift in Sources */ = {isa = PBXBuildFile; fileRef = 1D6372912629F72700E26668 /* StudyCoordinatorTests.swift */; };
		1D6372972629F7F700E26668 /* StudyViewController.swift in Sources */ = {isa = PBXBuildFile; fileRef = 1D6372962629F7F700E26668 /* StudyViewController.swift */; };
		1D6372A62629FE6B00E26668 /* StudyEndpoint.swift in Sources */ = {isa = PBXBuildFile; fileRef = 1D6372A52629FE6B00E26668 /* StudyEndpoint.swift */; };
		1D6372B1262A006600E26668 /* StudyModel.swift in Sources */ = {isa = PBXBuildFile; fileRef = 1D6372B0262A006600E26668 /* StudyModel.swift */; };
		1D6372B6262A03CC00E26668 /* NewStudyViewController.swift in Sources */ = {isa = PBXBuildFile; fileRef = 1D6372B5262A03CC00E26668 /* NewStudyViewController.swift */; };
		1DCCBF8A2629B3E600F0D474 /* AppDelegate.swift in Sources */ = {isa = PBXBuildFile; fileRef = 1DCCBF892629B3E600F0D474 /* AppDelegate.swift */; };
		1DCCBF8C2629B3E600F0D474 /* SceneDelegate.swift in Sources */ = {isa = PBXBuildFile; fileRef = 1DCCBF8B2629B3E600F0D474 /* SceneDelegate.swift */; };
		1DCCBF8E2629B3E600F0D474 /* ViewController.swift in Sources */ = {isa = PBXBuildFile; fileRef = 1DCCBF8D2629B3E600F0D474 /* ViewController.swift */; };
		1DCCBF912629B3E600F0D474 /* Main.storyboard in Resources */ = {isa = PBXBuildFile; fileRef = 1DCCBF8F2629B3E600F0D474 /* Main.storyboard */; };
		1DCCBF942629B3E600F0D474 /* UnitTestStudy.xcdatamodeld in Sources */ = {isa = PBXBuildFile; fileRef = 1DCCBF922629B3E600F0D474 /* UnitTestStudy.xcdatamodeld */; };
		1DCCBF962629B3E600F0D474 /* Assets.xcassets in Resources */ = {isa = PBXBuildFile; fileRef = 1DCCBF952629B3E600F0D474 /* Assets.xcassets */; };
		1DCCBF992629B3E600F0D474 /* LaunchScreen.storyboard in Resources */ = {isa = PBXBuildFile; fileRef = 1DCCBF972629B3E600F0D474 /* LaunchScreen.storyboard */; };
		1DCCBFA42629B3E700F0D474 /* UnitTestStudyTests.swift in Sources */ = {isa = PBXBuildFile; fileRef = 1DCCBFA32629B3E700F0D474 /* UnitTestStudyTests.swift */; };
		1DCCBFC42629B43B00F0D474 /* StudyInteractor.swift in Sources */ = {isa = PBXBuildFile; fileRef = 1DCCBFC32629B43B00F0D474 /* StudyInteractor.swift */; };
		1DCCBFCC2629B44800F0D474 /* StudyPresenter.swift in Sources */ = {isa = PBXBuildFile; fileRef = 1DCCBFCB2629B44800F0D474 /* StudyPresenter.swift */; };
		1DCCBFD12629B45900F0D474 /* StudyCoordinator.swift in Sources */ = {isa = PBXBuildFile; fileRef = 1DCCBFD02629B45900F0D474 /* StudyCoordinator.swift */; };
		1DCCBFD62629B52D00F0D474 /* StudyFactory.swift in Sources */ = {isa = PBXBuildFile; fileRef = 1DCCBFD52629B52D00F0D474 /* StudyFactory.swift */; };
		1DCCBFDB2629B55600F0D474 /* StudyService.swift in Sources */ = {isa = PBXBuildFile; fileRef = 1DCCBFDA2629B55600F0D474 /* StudyService.swift */; };
		A3BE118A22651820F82F6168 /* Pods_UnitTestStudyTests.framework in Frameworks */ = {isa = PBXBuildFile; fileRef = 39930EEDAFD284DFFE7B0269 /* Pods_UnitTestStudyTests.framework */; };
/* End PBXBuildFile section */

/* Begin PBXContainerItemProxy section */
		1DCCBFA02629B3E700F0D474 /* PBXContainerItemProxy */ = {
			isa = PBXContainerItemProxy;
			containerPortal = 1DCCBF7E2629B3E600F0D474 /* Project object */;
			proxyType = 1;
			remoteGlobalIDString = 1DCCBF852629B3E600F0D474;
			remoteInfo = UnitTestStudy;
		};
/* End PBXContainerItemProxy section */

/* Begin PBXFileReference section */
		02CD18EF3691B00643A9D1B4 /* Pods-UnitTestStudyTests.release.xcconfig */ = {isa = PBXFileReference; includeInIndex = 1; lastKnownFileType = text.xcconfig; name = "Pods-UnitTestStudyTests.release.xcconfig"; path = "Target Support Files/Pods-UnitTestStudyTests/Pods-UnitTestStudyTests.release.xcconfig"; sourceTree = "<group>"; };
		0BD783A27C089A4FC5DBC2C9 /* Pods-UnitTestStudy-UnitTestStudyUITests.release.xcconfig */ = {isa = PBXFileReference; includeInIndex = 1; lastKnownFileType = text.xcconfig; name = "Pods-UnitTestStudy-UnitTestStudyUITests.release.xcconfig"; path = "Target Support Files/Pods-UnitTestStudy-UnitTestStudyUITests/Pods-UnitTestStudy-UnitTestStudyUITests.release.xcconfig"; sourceTree = "<group>"; };
		1D6372842629F70500E26668 /* StudyInteractorTests.swift */ = {isa = PBXFileReference; lastKnownFileType = sourcecode.swift; path = StudyInteractorTests.swift; sourceTree = "<group>"; };
		1D63728C2629F71400E26668 /* StudyPresenterTests.swift */ = {isa = PBXFileReference; lastKnownFileType = sourcecode.swift; path = StudyPresenterTests.swift; sourceTree = "<group>"; };
		1D6372912629F72700E26668 /* StudyCoordinatorTests.swift */ = {isa = PBXFileReference; lastKnownFileType = sourcecode.swift; path = StudyCoordinatorTests.swift; sourceTree = "<group>"; };
		1D6372962629F7F700E26668 /* StudyViewController.swift */ = {isa = PBXFileReference; lastKnownFileType = sourcecode.swift; path = StudyViewController.swift; sourceTree = "<group>"; };
		1D6372A52629FE6B00E26668 /* StudyEndpoint.swift */ = {isa = PBXFileReference; lastKnownFileType = sourcecode.swift; path = StudyEndpoint.swift; sourceTree = "<group>"; };
		1D6372B0262A006600E26668 /* StudyModel.swift */ = {isa = PBXFileReference; lastKnownFileType = sourcecode.swift; path = StudyModel.swift; sourceTree = "<group>"; };
		1D6372B5262A03CC00E26668 /* NewStudyViewController.swift */ = {isa = PBXFileReference; lastKnownFileType = sourcecode.swift; path = NewStudyViewController.swift; sourceTree = "<group>"; };
		1DCCBF862629B3E600F0D474 /* UnitTestStudy.app */ = {isa = PBXFileReference; explicitFileType = wrapper.application; includeInIndex = 0; path = UnitTestStudy.app; sourceTree = BUILT_PRODUCTS_DIR; };
		1DCCBF892629B3E600F0D474 /* AppDelegate.swift */ = {isa = PBXFileReference; lastKnownFileType = sourcecode.swift; path = AppDelegate.swift; sourceTree = "<group>"; };
		1DCCBF8B2629B3E600F0D474 /* SceneDelegate.swift */ = {isa = PBXFileReference; lastKnownFileType = sourcecode.swift; path = SceneDelegate.swift; sourceTree = "<group>"; };
		1DCCBF8D2629B3E600F0D474 /* ViewController.swift */ = {isa = PBXFileReference; lastKnownFileType = sourcecode.swift; path = ViewController.swift; sourceTree = "<group>"; };
		1DCCBF902629B3E600F0D474 /* Base */ = {isa = PBXFileReference; lastKnownFileType = file.storyboard; name = Base; path = Base.lproj/Main.storyboard; sourceTree = "<group>"; };
		1DCCBF932629B3E600F0D474 /* UnitTestStudy.xcdatamodel */ = {isa = PBXFileReference; lastKnownFileType = wrapper.xcdatamodel; path = UnitTestStudy.xcdatamodel; sourceTree = "<group>"; };
		1DCCBF952629B3E600F0D474 /* Assets.xcassets */ = {isa = PBXFileReference; lastKnownFileType = folder.assetcatalog; path = Assets.xcassets; sourceTree = "<group>"; };
		1DCCBF982629B3E600F0D474 /* Base */ = {isa = PBXFileReference; lastKnownFileType = file.storyboard; name = Base; path = Base.lproj/LaunchScreen.storyboard; sourceTree = "<group>"; };
		1DCCBF9A2629B3E600F0D474 /* Info.plist */ = {isa = PBXFileReference; lastKnownFileType = text.plist.xml; path = Info.plist; sourceTree = "<group>"; };
		1DCCBF9F2629B3E700F0D474 /* UnitTestStudyTests.xctest */ = {isa = PBXFileReference; explicitFileType = wrapper.cfbundle; includeInIndex = 0; path = UnitTestStudyTests.xctest; sourceTree = BUILT_PRODUCTS_DIR; };
		1DCCBFA32629B3E700F0D474 /* UnitTestStudyTests.swift */ = {isa = PBXFileReference; lastKnownFileType = sourcecode.swift; path = UnitTestStudyTests.swift; sourceTree = "<group>"; };
		1DCCBFA52629B3E700F0D474 /* Info.plist */ = {isa = PBXFileReference; lastKnownFileType = text.plist.xml; path = Info.plist; sourceTree = "<group>"; };
		1DCCBFC32629B43B00F0D474 /* StudyInteractor.swift */ = {isa = PBXFileReference; lastKnownFileType = sourcecode.swift; path = StudyInteractor.swift; sourceTree = "<group>"; };
		1DCCBFCB2629B44800F0D474 /* StudyPresenter.swift */ = {isa = PBXFileReference; lastKnownFileType = sourcecode.swift; path = StudyPresenter.swift; sourceTree = "<group>"; };
		1DCCBFD02629B45900F0D474 /* StudyCoordinator.swift */ = {isa = PBXFileReference; lastKnownFileType = sourcecode.swift; path = StudyCoordinator.swift; sourceTree = "<group>"; };
		1DCCBFD52629B52D00F0D474 /* StudyFactory.swift */ = {isa = PBXFileReference; lastKnownFileType = sourcecode.swift; path = StudyFactory.swift; sourceTree = "<group>"; };
		1DCCBFDA2629B55600F0D474 /* StudyService.swift */ = {isa = PBXFileReference; lastKnownFileType = sourcecode.swift; path = StudyService.swift; sourceTree = "<group>"; };
		39930EEDAFD284DFFE7B0269 /* Pods_UnitTestStudyTests.framework */ = {isa = PBXFileReference; explicitFileType = wrapper.framework; includeInIndex = 0; path = Pods_UnitTestStudyTests.framework; sourceTree = BUILT_PRODUCTS_DIR; };
		3A1746A93DF19537C703C6C2 /* Pods-UnitTestStudy-UnitTestStudyUITests.debug.xcconfig */ = {isa = PBXFileReference; includeInIndex = 1; lastKnownFileType = text.xcconfig; name = "Pods-UnitTestStudy-UnitTestStudyUITests.debug.xcconfig"; path = "Target Support Files/Pods-UnitTestStudy-UnitTestStudyUITests/Pods-UnitTestStudy-UnitTestStudyUITests.debug.xcconfig"; sourceTree = "<group>"; };
		4C0F5D4D28019249EA459BC6 /* Pods_UnitTestStudy_UnitTestStudyUITests.framework */ = {isa = PBXFileReference; explicitFileType = wrapper.framework; includeInIndex = 0; path = Pods_UnitTestStudy_UnitTestStudyUITests.framework; sourceTree = BUILT_PRODUCTS_DIR; };
		77BFFAB168662CD0C9D719F6 /* Pods_UnitTestStudy.framework */ = {isa = PBXFileReference; explicitFileType = wrapper.framework; includeInIndex = 0; path = Pods_UnitTestStudy.framework; sourceTree = BUILT_PRODUCTS_DIR; };
		8ECE45F0EC08DD33D8FA7EAE /* Pods-UnitTestStudy.debug.xcconfig */ = {isa = PBXFileReference; includeInIndex = 1; lastKnownFileType = text.xcconfig; name = "Pods-UnitTestStudy.debug.xcconfig"; path = "Target Support Files/Pods-UnitTestStudy/Pods-UnitTestStudy.debug.xcconfig"; sourceTree = "<group>"; };
		A30FB5DAB396BCAE244A65E8 /* Pods-UnitTestStudyTests.debug.xcconfig */ = {isa = PBXFileReference; includeInIndex = 1; lastKnownFileType = text.xcconfig; name = "Pods-UnitTestStudyTests.debug.xcconfig"; path = "Target Support Files/Pods-UnitTestStudyTests/Pods-UnitTestStudyTests.debug.xcconfig"; sourceTree = "<group>"; };
		CB7845FB88B0F0A346BD6FEF /* Pods-UnitTestStudy.release.xcconfig */ = {isa = PBXFileReference; includeInIndex = 1; lastKnownFileType = text.xcconfig; name = "Pods-UnitTestStudy.release.xcconfig"; path = "Target Support Files/Pods-UnitTestStudy/Pods-UnitTestStudy.release.xcconfig"; sourceTree = "<group>"; };
/* End PBXFileReference section */

/* Begin PBXFrameworksBuildPhase section */
		1DCCBF832629B3E600F0D474 /* Frameworks */ = {
			isa = PBXFrameworksBuildPhase;
			buildActionMask = 2147483647;
			files = (
				13969045D572850930F26DE1 /* Pods_UnitTestStudy.framework in Frameworks */,
			);
			runOnlyForDeploymentPostprocessing = 0;
		};
		1DCCBF9C2629B3E700F0D474 /* Frameworks */ = {
			isa = PBXFrameworksBuildPhase;
			buildActionMask = 2147483647;
			files = (
				A3BE118A22651820F82F6168 /* Pods_UnitTestStudyTests.framework in Frameworks */,
			);
			runOnlyForDeploymentPostprocessing = 0;
		};
/* End PBXFrameworksBuildPhase section */

/* Begin PBXGroup section */
		1D6372832629F6E100E26668 /* StudyFocus */ = {
			isa = PBXGroup;
			children = (
				1D6372842629F70500E26668 /* StudyInteractorTests.swift */,
				1D63728C2629F71400E26668 /* StudyPresenterTests.swift */,
				1D6372912629F72700E26668 /* StudyCoordinatorTests.swift */,
			);
			path = StudyFocus;
			sourceTree = "<group>";
		};
		1DCCBF7D2629B3E600F0D474 = {
			isa = PBXGroup;
			children = (
				1DCCBF882629B3E600F0D474 /* UnitTestStudy */,
				1DCCBFA22629B3E700F0D474 /* UnitTestStudyTests */,
				1DCCBF872629B3E600F0D474 /* Products */,
				952E93DFE36B1D0B5DC93C7A /* Pods */,
				3B0B9893804C6E1A9F644D09 /* Frameworks */,
			);
			sourceTree = "<group>";
		};
		1DCCBF872629B3E600F0D474 /* Products */ = {
			isa = PBXGroup;
			children = (
				1DCCBF862629B3E600F0D474 /* UnitTestStudy.app */,
				1DCCBF9F2629B3E700F0D474 /* UnitTestStudyTests.xctest */,
			);
			name = Products;
			sourceTree = "<group>";
		};
		1DCCBF882629B3E600F0D474 /* UnitTestStudy */ = {
			isa = PBXGroup;
			children = (
				1DCCBFBF2629B3F900F0D474 /* StudyFocus */,
				1DCCBF892629B3E600F0D474 /* AppDelegate.swift */,
				1DCCBF8B2629B3E600F0D474 /* SceneDelegate.swift */,
				1DCCBF8D2629B3E600F0D474 /* ViewController.swift */,
				1DCCBF8F2629B3E600F0D474 /* Main.storyboard */,
				1DCCBF952629B3E600F0D474 /* Assets.xcassets */,
				1DCCBF972629B3E600F0D474 /* LaunchScreen.storyboard */,
				1DCCBF9A2629B3E600F0D474 /* Info.plist */,
				1DCCBF922629B3E600F0D474 /* UnitTestStudy.xcdatamodeld */,
			);
			path = UnitTestStudy;
			sourceTree = "<group>";
		};
		1DCCBFA22629B3E700F0D474 /* UnitTestStudyTests */ = {
			isa = PBXGroup;
			children = (
				1D6372832629F6E100E26668 /* StudyFocus */,
				1DCCBFA32629B3E700F0D474 /* UnitTestStudyTests.swift */,
				1DCCBFA52629B3E700F0D474 /* Info.plist */,
			);
			path = UnitTestStudyTests;
			sourceTree = "<group>";
		};
		1DCCBFBF2629B3F900F0D474 /* StudyFocus */ = {
			isa = PBXGroup;
			children = (
				1DCCBFC32629B43B00F0D474 /* StudyInteractor.swift */,
				1DCCBFCB2629B44800F0D474 /* StudyPresenter.swift */,
				1DCCBFD02629B45900F0D474 /* StudyCoordinator.swift */,
				1DCCBFD52629B52D00F0D474 /* StudyFactory.swift */,
				1DCCBFDA2629B55600F0D474 /* StudyService.swift */,
				1D6372962629F7F700E26668 /* StudyViewController.swift */,
				1D6372A52629FE6B00E26668 /* StudyEndpoint.swift */,
				1D6372B0262A006600E26668 /* StudyModel.swift */,
				1D6372B5262A03CC00E26668 /* NewStudyViewController.swift */,
			);
			path = StudyFocus;
			sourceTree = "<group>";
		};
		3B0B9893804C6E1A9F644D09 /* Frameworks */ = {
			isa = PBXGroup;
			children = (
				77BFFAB168662CD0C9D719F6 /* Pods_UnitTestStudy.framework */,
				4C0F5D4D28019249EA459BC6 /* Pods_UnitTestStudy_UnitTestStudyUITests.framework */,
				39930EEDAFD284DFFE7B0269 /* Pods_UnitTestStudyTests.framework */,
			);
			name = Frameworks;
			sourceTree = "<group>";
		};
		952E93DFE36B1D0B5DC93C7A /* Pods */ = {
			isa = PBXGroup;
			children = (
				8ECE45F0EC08DD33D8FA7EAE /* Pods-UnitTestStudy.debug.xcconfig */,
				CB7845FB88B0F0A346BD6FEF /* Pods-UnitTestStudy.release.xcconfig */,
				3A1746A93DF19537C703C6C2 /* Pods-UnitTestStudy-UnitTestStudyUITests.debug.xcconfig */,
				0BD783A27C089A4FC5DBC2C9 /* Pods-UnitTestStudy-UnitTestStudyUITests.release.xcconfig */,
				A30FB5DAB396BCAE244A65E8 /* Pods-UnitTestStudyTests.debug.xcconfig */,
				02CD18EF3691B00643A9D1B4 /* Pods-UnitTestStudyTests.release.xcconfig */,
			);
			path = Pods;
			sourceTree = "<group>";
		};
/* End PBXGroup section */

/* Begin PBXNativeTarget section */
		1DCCBF852629B3E600F0D474 /* UnitTestStudy */ = {
			isa = PBXNativeTarget;
			buildConfigurationList = 1DCCBFB32629B3E700F0D474 /* Build configuration list for PBXNativeTarget "UnitTestStudy" */;
			buildPhases = (
				5ED3D091606C2A7702ED9F61 /* [CP] Check Pods Manifest.lock */,
				1DCCBF822629B3E600F0D474 /* Sources */,
				1DCCBF832629B3E600F0D474 /* Frameworks */,
				1DCCBF842629B3E600F0D474 /* Resources */,
				DA70B6CE03450DFC0DA9024B /* [CP] Embed Pods Frameworks */,
			);
			buildRules = (
			);
			dependencies = (
			);
			name = UnitTestStudy;
			productName = UnitTestStudy;
			productReference = 1DCCBF862629B3E600F0D474 /* UnitTestStudy.app */;
			productType = "com.apple.product-type.application";
		};
		1DCCBF9E2629B3E700F0D474 /* UnitTestStudyTests */ = {
			isa = PBXNativeTarget;
			buildConfigurationList = 1DCCBFB62629B3E700F0D474 /* Build configuration list for PBXNativeTarget "UnitTestStudyTests" */;
			buildPhases = (
				8BCB4EA022A0218721A71D0C /* [CP] Check Pods Manifest.lock */,
				1DCCBF9B2629B3E700F0D474 /* Sources */,
				1DCCBF9C2629B3E700F0D474 /* Frameworks */,
				1DCCBF9D2629B3E700F0D474 /* Resources */,
			);
			buildRules = (
			);
			dependencies = (
				1DCCBFA12629B3E700F0D474 /* PBXTargetDependency */,
			);
			name = UnitTestStudyTests;
			productName = UnitTestStudyTests;
			productReference = 1DCCBF9F2629B3E700F0D474 /* UnitTestStudyTests.xctest */;
			productType = "com.apple.product-type.bundle.unit-test";
		};
/* End PBXNativeTarget section */

/* Begin PBXProject section */
		1DCCBF7E2629B3E600F0D474 /* Project object */ = {
			isa = PBXProject;
			attributes = {
				LastSwiftUpdateCheck = 1240;
				LastUpgradeCheck = 1240;
				TargetAttributes = {
					1DCCBF852629B3E600F0D474 = {
						CreatedOnToolsVersion = 12.4;
					};
					1DCCBF9E2629B3E700F0D474 = {
						CreatedOnToolsVersion = 12.4;
						TestTargetID = 1DCCBF852629B3E600F0D474;
					};
				};
			};
			buildConfigurationList = 1DCCBF812629B3E600F0D474 /* Build configuration list for PBXProject "UnitTestStudy" */;
			compatibilityVersion = "Xcode 9.3";
			developmentRegion = en;
			hasScannedForEncodings = 0;
			knownRegions = (
				en,
				Base,
			);
			mainGroup = 1DCCBF7D2629B3E600F0D474;
			productRefGroup = 1DCCBF872629B3E600F0D474 /* Products */;
			projectDirPath = "";
			projectRoot = "";
			targets = (
				1DCCBF852629B3E600F0D474 /* UnitTestStudy */,
				1DCCBF9E2629B3E700F0D474 /* UnitTestStudyTests */,
			);
		};
/* End PBXProject section */

/* Begin PBXResourcesBuildPhase section */
		1DCCBF842629B3E600F0D474 /* Resources */ = {
			isa = PBXResourcesBuildPhase;
			buildActionMask = 2147483647;
			files = (
				1DCCBF992629B3E600F0D474 /* LaunchScreen.storyboard in Resources */,
				1DCCBF962629B3E600F0D474 /* Assets.xcassets in Resources */,
				1DCCBF912629B3E600F0D474 /* Main.storyboard in Resources */,
			);
			runOnlyForDeploymentPostprocessing = 0;
		};
		1DCCBF9D2629B3E700F0D474 /* Resources */ = {
			isa = PBXResourcesBuildPhase;
			buildActionMask = 2147483647;
			files = (
			);
			runOnlyForDeploymentPostprocessing = 0;
		};
/* End PBXResourcesBuildPhase section */

/* Begin PBXShellScriptBuildPhase section */
		5ED3D091606C2A7702ED9F61 /* [CP] Check Pods Manifest.lock */ = {
			isa = PBXShellScriptBuildPhase;
			buildActionMask = 2147483647;
			files = (
			);
			inputFileListPaths = (
			);
			inputPaths = (
				"${PODS_PODFILE_DIR_PATH}/Podfile.lock",
				"${PODS_ROOT}/Manifest.lock",
			);
			name = "[CP] Check Pods Manifest.lock";
			outputFileListPaths = (
			);
			outputPaths = (
				"$(DERIVED_FILE_DIR)/Pods-UnitTestStudy-checkManifestLockResult.txt",
			);
			runOnlyForDeploymentPostprocessing = 0;
			shellPath = /bin/sh;
			shellScript = "diff \"${PODS_PODFILE_DIR_PATH}/Podfile.lock\" \"${PODS_ROOT}/Manifest.lock\" > /dev/null\nif [ $? != 0 ] ; then\n    # print error to STDERR\n    echo \"error: The sandbox is not in sync with the Podfile.lock. Run 'pod install' or update your CocoaPods installation.\" >&2\n    exit 1\nfi\n# This output is used by Xcode 'outputs' to avoid re-running this script phase.\necho \"SUCCESS\" > \"${SCRIPT_OUTPUT_FILE_0}\"\n";
			showEnvVarsInLog = 0;
		};
		8BCB4EA022A0218721A71D0C /* [CP] Check Pods Manifest.lock */ = {
			isa = PBXShellScriptBuildPhase;
			buildActionMask = 2147483647;
			files = (
			);
			inputFileListPaths = (
			);
			inputPaths = (
				"${PODS_PODFILE_DIR_PATH}/Podfile.lock",
				"${PODS_ROOT}/Manifest.lock",
			);
			name = "[CP] Check Pods Manifest.lock";
			outputFileListPaths = (
			);
			outputPaths = (
				"$(DERIVED_FILE_DIR)/Pods-UnitTestStudyTests-checkManifestLockResult.txt",
			);
			runOnlyForDeploymentPostprocessing = 0;
			shellPath = /bin/sh;
			shellScript = "diff \"${PODS_PODFILE_DIR_PATH}/Podfile.lock\" \"${PODS_ROOT}/Manifest.lock\" > /dev/null\nif [ $? != 0 ] ; then\n    # print error to STDERR\n    echo \"error: The sandbox is not in sync with the Podfile.lock. Run 'pod install' or update your CocoaPods installation.\" >&2\n    exit 1\nfi\n# This output is used by Xcode 'outputs' to avoid re-running this script phase.\necho \"SUCCESS\" > \"${SCRIPT_OUTPUT_FILE_0}\"\n";
			showEnvVarsInLog = 0;
		};
		DA70B6CE03450DFC0DA9024B /* [CP] Embed Pods Frameworks */ = {
			isa = PBXShellScriptBuildPhase;
			buildActionMask = 2147483647;
			files = (
			);
			inputFileListPaths = (
				"${PODS_ROOT}/Target Support Files/Pods-UnitTestStudy/Pods-UnitTestStudy-frameworks-${CONFIGURATION}-input-files.xcfilelist",
			);
			name = "[CP] Embed Pods Frameworks";
			outputFileListPaths = (
				"${PODS_ROOT}/Target Support Files/Pods-UnitTestStudy/Pods-UnitTestStudy-frameworks-${CONFIGURATION}-output-files.xcfilelist",
			);
			runOnlyForDeploymentPostprocessing = 0;
			shellPath = /bin/sh;
			shellScript = "\"${PODS_ROOT}/Target Support Files/Pods-UnitTestStudy/Pods-UnitTestStudy-frameworks.sh\"\n";
			showEnvVarsInLog = 0;
		};
/* End PBXShellScriptBuildPhase section */

/* Begin PBXSourcesBuildPhase section */
		1DCCBF822629B3E600F0D474 /* Sources */ = {
			isa = PBXSourcesBuildPhase;
			buildActionMask = 2147483647;
			files = (
				1D6372A62629FE6B00E26668 /* StudyEndpoint.swift in Sources */,
				1D6372972629F7F700E26668 /* StudyViewController.swift in Sources */,
				1DCCBFC42629B43B00F0D474 /* StudyInteractor.swift in Sources */,
				1D6372B6262A03CC00E26668 /* NewStudyViewController.swift in Sources */,
				1DCCBF8E2629B3E600F0D474 /* ViewController.swift in Sources */,
				1DCCBFDB2629B55600F0D474 /* StudyService.swift in Sources */,
				1DCCBFD12629B45900F0D474 /* StudyCoordinator.swift in Sources */,
				1DCCBFCC2629B44800F0D474 /* StudyPresenter.swift in Sources */,
				1DCCBF8A2629B3E600F0D474 /* AppDelegate.swift in Sources */,
				1DCCBF8C2629B3E600F0D474 /* SceneDelegate.swift in Sources */,
				1D6372B1262A006600E26668 /* StudyModel.swift in Sources */,
				1DCCBFD62629B52D00F0D474 /* StudyFactory.swift in Sources */,
				1DCCBF942629B3E600F0D474 /* UnitTestStudy.xcdatamodeld in Sources */,
			);
			runOnlyForDeploymentPostprocessing = 0;
		};
		1DCCBF9B2629B3E700F0D474 /* Sources */ = {
			isa = PBXSourcesBuildPhase;
			buildActionMask = 2147483647;
			files = (
				1D6372852629F70500E26668 /* StudyInteractorTests.swift in Sources */,
				1DCCBFA42629B3E700F0D474 /* UnitTestStudyTests.swift in Sources */,
				1D6372922629F72700E26668 /* StudyCoordinatorTests.swift in Sources */,
				1D63728D2629F71400E26668 /* StudyPresenterTests.swift in Sources */,
			);
			runOnlyForDeploymentPostprocessing = 0;
		};
/* End PBXSourcesBuildPhase section */

/* Begin PBXTargetDependency section */
		1DCCBFA12629B3E700F0D474 /* PBXTargetDependency */ = {
			isa = PBXTargetDependency;
			target = 1DCCBF852629B3E600F0D474 /* UnitTestStudy */;
			targetProxy = 1DCCBFA02629B3E700F0D474 /* PBXContainerItemProxy */;
		};
/* End PBXTargetDependency section */

/* Begin PBXVariantGroup section */
		1DCCBF8F2629B3E600F0D474 /* Main.storyboard */ = {
			isa = PBXVariantGroup;
			children = (
				1DCCBF902629B3E600F0D474 /* Base */,
			);
			name = Main.storyboard;
			sourceTree = "<group>";
		};
		1DCCBF972629B3E600F0D474 /* LaunchScreen.storyboard */ = {
			isa = PBXVariantGroup;
			children = (
				1DCCBF982629B3E600F0D474 /* Base */,
			);
			name = LaunchScreen.storyboard;
			sourceTree = "<group>";
		};
/* End PBXVariantGroup section */

/* Begin XCBuildConfiguration section */
		1DCCBFB12629B3E700F0D474 /* Debug */ = {
			isa = XCBuildConfiguration;
			buildSettings = {
				ALWAYS_SEARCH_USER_PATHS = NO;
				CLANG_ANALYZER_NONNULL = YES;
				CLANG_ANALYZER_NUMBER_OBJECT_CONVERSION = YES_AGGRESSIVE;
				CLANG_CXX_LANGUAGE_STANDARD = "gnu++14";
				CLANG_CXX_LIBRARY = "libc++";
				CLANG_ENABLE_MODULES = YES;
				CLANG_ENABLE_OBJC_ARC = YES;
				CLANG_ENABLE_OBJC_WEAK = YES;
				CLANG_WARN_BLOCK_CAPTURE_AUTORELEASING = YES;
				CLANG_WARN_BOOL_CONVERSION = YES;
				CLANG_WARN_COMMA = YES;
				CLANG_WARN_CONSTANT_CONVERSION = YES;
				CLANG_WARN_DEPRECATED_OBJC_IMPLEMENTATIONS = YES;
				CLANG_WARN_DIRECT_OBJC_ISA_USAGE = YES_ERROR;
				CLANG_WARN_DOCUMENTATION_COMMENTS = YES;
				CLANG_WARN_EMPTY_BODY = YES;
				CLANG_WARN_ENUM_CONVERSION = YES;
				CLANG_WARN_INFINITE_RECURSION = YES;
				CLANG_WARN_INT_CONVERSION = YES;
				CLANG_WARN_NON_LITERAL_NULL_CONVERSION = YES;
				CLANG_WARN_OBJC_IMPLICIT_RETAIN_SELF = YES;
				CLANG_WARN_OBJC_LITERAL_CONVERSION = YES;
				CLANG_WARN_OBJC_ROOT_CLASS = YES_ERROR;
				CLANG_WARN_QUOTED_INCLUDE_IN_FRAMEWORK_HEADER = YES;
				CLANG_WARN_RANGE_LOOP_ANALYSIS = YES;
				CLANG_WARN_STRICT_PROTOTYPES = YES;
				CLANG_WARN_SUSPICIOUS_MOVE = YES;
				CLANG_WARN_UNGUARDED_AVAILABILITY = YES_AGGRESSIVE;
				CLANG_WARN_UNREACHABLE_CODE = YES;
				CLANG_WARN__DUPLICATE_METHOD_MATCH = YES;
				COPY_PHASE_STRIP = NO;
				DEBUG_INFORMATION_FORMAT = dwarf;
				ENABLE_STRICT_OBJC_MSGSEND = YES;
				ENABLE_TESTABILITY = YES;
				GCC_C_LANGUAGE_STANDARD = gnu11;
				GCC_DYNAMIC_NO_PIC = NO;
				GCC_NO_COMMON_BLOCKS = YES;
				GCC_OPTIMIZATION_LEVEL = 0;
				GCC_PREPROCESSOR_DEFINITIONS = (
					"DEBUG=1",
					"$(inherited)",
				);
				GCC_WARN_64_TO_32_BIT_CONVERSION = YES;
				GCC_WARN_ABOUT_RETURN_TYPE = YES_ERROR;
				GCC_WARN_UNDECLARED_SELECTOR = YES;
				GCC_WARN_UNINITIALIZED_AUTOS = YES_AGGRESSIVE;
				GCC_WARN_UNUSED_FUNCTION = YES;
				GCC_WARN_UNUSED_VARIABLE = YES;
				IPHONEOS_DEPLOYMENT_TARGET = 14.4;
				MTL_ENABLE_DEBUG_INFO = INCLUDE_SOURCE;
				MTL_FAST_MATH = YES;
				ONLY_ACTIVE_ARCH = YES;
				SDKROOT = iphoneos;
				SWIFT_ACTIVE_COMPILATION_CONDITIONS = DEBUG;
				SWIFT_OPTIMIZATION_LEVEL = "-Onone";
			};
			name = Debug;
		};
		1DCCBFB22629B3E700F0D474 /* Release */ = {
			isa = XCBuildConfiguration;
			buildSettings = {
				ALWAYS_SEARCH_USER_PATHS = NO;
				CLANG_ANALYZER_NONNULL = YES;
				CLANG_ANALYZER_NUMBER_OBJECT_CONVERSION = YES_AGGRESSIVE;
				CLANG_CXX_LANGUAGE_STANDARD = "gnu++14";
				CLANG_CXX_LIBRARY = "libc++";
				CLANG_ENABLE_MODULES = YES;
				CLANG_ENABLE_OBJC_ARC = YES;
				CLANG_ENABLE_OBJC_WEAK = YES;
				CLANG_WARN_BLOCK_CAPTURE_AUTORELEASING = YES;
				CLANG_WARN_BOOL_CONVERSION = YES;
				CLANG_WARN_COMMA = YES;
				CLANG_WARN_CONSTANT_CONVERSION = YES;
				CLANG_WARN_DEPRECATED_OBJC_IMPLEMENTATIONS = YES;
				CLANG_WARN_DIRECT_OBJC_ISA_USAGE = YES_ERROR;
				CLANG_WARN_DOCUMENTATION_COMMENTS = YES;
				CLANG_WARN_EMPTY_BODY = YES;
				CLANG_WARN_ENUM_CONVERSION = YES;
				CLANG_WARN_INFINITE_RECURSION = YES;
				CLANG_WARN_INT_CONVERSION = YES;
				CLANG_WARN_NON_LITERAL_NULL_CONVERSION = YES;
				CLANG_WARN_OBJC_IMPLICIT_RETAIN_SELF = YES;
				CLANG_WARN_OBJC_LITERAL_CONVERSION = YES;
				CLANG_WARN_OBJC_ROOT_CLASS = YES_ERROR;
				CLANG_WARN_QUOTED_INCLUDE_IN_FRAMEWORK_HEADER = YES;
				CLANG_WARN_RANGE_LOOP_ANALYSIS = YES;
				CLANG_WARN_STRICT_PROTOTYPES = YES;
				CLANG_WARN_SUSPICIOUS_MOVE = YES;
				CLANG_WARN_UNGUARDED_AVAILABILITY = YES_AGGRESSIVE;
				CLANG_WARN_UNREACHABLE_CODE = YES;
				CLANG_WARN__DUPLICATE_METHOD_MATCH = YES;
				COPY_PHASE_STRIP = NO;
				DEBUG_INFORMATION_FORMAT = "dwarf-with-dsym";
				ENABLE_NS_ASSERTIONS = NO;
				ENABLE_STRICT_OBJC_MSGSEND = YES;
				GCC_C_LANGUAGE_STANDARD = gnu11;
				GCC_NO_COMMON_BLOCKS = YES;
				GCC_WARN_64_TO_32_BIT_CONVERSION = YES;
				GCC_WARN_ABOUT_RETURN_TYPE = YES_ERROR;
				GCC_WARN_UNDECLARED_SELECTOR = YES;
				GCC_WARN_UNINITIALIZED_AUTOS = YES_AGGRESSIVE;
				GCC_WARN_UNUSED_FUNCTION = YES;
				GCC_WARN_UNUSED_VARIABLE = YES;
				IPHONEOS_DEPLOYMENT_TARGET = 14.4;
				MTL_ENABLE_DEBUG_INFO = NO;
				MTL_FAST_MATH = YES;
				SDKROOT = iphoneos;
				SWIFT_COMPILATION_MODE = wholemodule;
				SWIFT_OPTIMIZATION_LEVEL = "-O";
				VALIDATE_PRODUCT = YES;
			};
			name = Release;
		};
		1DCCBFB42629B3E700F0D474 /* Debug */ = {
			isa = XCBuildConfiguration;
			baseConfigurationReference = 8ECE45F0EC08DD33D8FA7EAE /* Pods-UnitTestStudy.debug.xcconfig */;
			buildSettings = {
				ASSETCATALOG_COMPILER_APPICON_NAME = AppIcon;
				ASSETCATALOG_COMPILER_GLOBAL_ACCENT_COLOR_NAME = AccentColor;
				CODE_SIGN_STYLE = Automatic;
				DEVELOPMENT_TEAM = 2W8RYDG9HE;
				INFOPLIST_FILE = UnitTestStudy/Info.plist;
				LD_RUNPATH_SEARCH_PATHS = (
					"$(inherited)",
					"@executable_path/Frameworks",
				);
				PRODUCT_BUNDLE_IDENTIFIER = jadeapps.UnitTestStudy;
				PRODUCT_NAME = "$(TARGET_NAME)";
				SWIFT_VERSION = 5.0;
				TARGETED_DEVICE_FAMILY = "1,2";
			};
			name = Debug;
		};
		1DCCBFB52629B3E700F0D474 /* Release */ = {
			isa = XCBuildConfiguration;
			baseConfigurationReference = CB7845FB88B0F0A346BD6FEF /* Pods-UnitTestStudy.release.xcconfig */;
			buildSettings = {
				ASSETCATALOG_COMPILER_APPICON_NAME = AppIcon;
				ASSETCATALOG_COMPILER_GLOBAL_ACCENT_COLOR_NAME = AccentColor;
				CODE_SIGN_STYLE = Automatic;
				DEVELOPMENT_TEAM = 2W8RYDG9HE;
				INFOPLIST_FILE = UnitTestStudy/Info.plist;
				LD_RUNPATH_SEARCH_PATHS = (
					"$(inherited)",
					"@executable_path/Frameworks",
				);
				PRODUCT_BUNDLE_IDENTIFIER = jadeapps.UnitTestStudy;
				PRODUCT_NAME = "$(TARGET_NAME)";
				SWIFT_VERSION = 5.0;
				TARGETED_DEVICE_FAMILY = "1,2";
			};
			name = Release;
		};
		1DCCBFB72629B3E700F0D474 /* Debug */ = {
			isa = XCBuildConfiguration;
			baseConfigurationReference = A30FB5DAB396BCAE244A65E8 /* Pods-UnitTestStudyTests.debug.xcconfig */;
			buildSettings = {
				ALWAYS_EMBED_SWIFT_STANDARD_LIBRARIES = YES;
				BUNDLE_LOADER = "$(TEST_HOST)";
				CODE_SIGN_STYLE = Automatic;
				DEVELOPMENT_TEAM = 2W8RYDG9HE;
				INFOPLIST_FILE = UnitTestStudyTests/Info.plist;
				IPHONEOS_DEPLOYMENT_TARGET = 14.4;
				LD_RUNPATH_SEARCH_PATHS = (
					"$(inherited)",
					"@executable_path/Frameworks",
					"@loader_path/Frameworks",
				);
				PRODUCT_BUNDLE_IDENTIFIER = jadeapps.UnitTestStudyTests;
				PRODUCT_NAME = "$(TARGET_NAME)";
				SWIFT_VERSION = 5.0;
				TARGETED_DEVICE_FAMILY = "1,2";
				TEST_HOST = "$(BUILT_PRODUCTS_DIR)/UnitTestStudy.app/UnitTestStudy";
			};
			name = Debug;
		};
		1DCCBFB82629B3E700F0D474 /* Release */ = {
			isa = XCBuildConfiguration;
			baseConfigurationReference = 02CD18EF3691B00643A9D1B4 /* Pods-UnitTestStudyTests.release.xcconfig */;
			buildSettings = {
				ALWAYS_EMBED_SWIFT_STANDARD_LIBRARIES = YES;
				BUNDLE_LOADER = "$(TEST_HOST)";
				CODE_SIGN_STYLE = Automatic;
				DEVELOPMENT_TEAM = 2W8RYDG9HE;
				INFOPLIST_FILE = UnitTestStudyTests/Info.plist;
				IPHONEOS_DEPLOYMENT_TARGET = 14.4;
				LD_RUNPATH_SEARCH_PATHS = (
					"$(inherited)",
					"@executable_path/Frameworks",
					"@loader_path/Frameworks",
				);
				PRODUCT_BUNDLE_IDENTIFIER = jadeapps.UnitTestStudyTests;
				PRODUCT_NAME = "$(TARGET_NAME)";
				SWIFT_VERSION = 5.0;
				TARGETED_DEVICE_FAMILY = "1,2";
				TEST_HOST = "$(BUILT_PRODUCTS_DIR)/UnitTestStudy.app/UnitTestStudy";
			};
			name = Release;
		};
/* End XCBuildConfiguration section */

/* Begin XCConfigurationList section */
		1DCCBF812629B3E600F0D474 /* Build configuration list for PBXProject "UnitTestStudy" */ = {
			isa = XCConfigurationList;
			buildConfigurations = (
				1DCCBFB12629B3E700F0D474 /* Debug */,
				1DCCBFB22629B3E700F0D474 /* Release */,
			);
			defaultConfigurationIsVisible = 0;
			defaultConfigurationName = Release;
		};
		1DCCBFB32629B3E700F0D474 /* Build configuration list for PBXNativeTarget "UnitTestStudy" */ = {
			isa = XCConfigurationList;
			buildConfigurations = (
				1DCCBFB42629B3E700F0D474 /* Debug */,
				1DCCBFB52629B3E700F0D474 /* Release */,
			);
			defaultConfigurationIsVisible = 0;
			defaultConfigurationName = Release;
		};
		1DCCBFB62629B3E700F0D474 /* Build configuration list for PBXNativeTarget "UnitTestStudyTests" */ = {
			isa = XCConfigurationList;
			buildConfigurations = (
				1DCCBFB72629B3E700F0D474 /* Debug */,
				1DCCBFB82629B3E700F0D474 /* Release */,
			);
			defaultConfigurationIsVisible = 0;
			defaultConfigurationName = Release;
		};
/* End XCConfigurationList section */

/* Begin XCVersionGroup section */
		1DCCBF922629B3E600F0D474 /* UnitTestStudy.xcdatamodeld */ = {
			isa = XCVersionGroup;
			children = (
				1DCCBF932629B3E600F0D474 /* UnitTestStudy.xcdatamodel */,
			);
			currentVersion = 1DCCBF932629B3E600F0D474 /* UnitTestStudy.xcdatamodel */;
			path = UnitTestStudy.xcdatamodeld;
			sourceTree = "<group>";
			versionGroupType = wrapper.xcdatamodel;
		};
/* End XCVersionGroup section */
	};
	rootObject = 1DCCBF7E2629B3E600F0D474 /* Project object */;
}
